
Microsoft Visual Studio Solution File, Format Version 12.00
# Visual Studio Version 17
VisualStudioVersion = 17.2.32616.157
MinimumVisualStudioVersion = 10.0.40219.1
Project("{E24C65DC-7377-472B-9ABA-BC803B73C61A}") = "20211028_order", "..\..\..\Desktop\歷屆上課講義\110網二\20211028_order\", "{1DFE2B89-E6B7-4B22-95FC-13CCAC6F9201}"
	ProjectSection(WebsiteProperties) = preProject
		TargetFrameworkMoniker = ".NETFramework,Version%3Dv4.5"
		Debug.AspNetCompiler.VirtualPath = "/localhost_16101"
		Debug.AspNetCompiler.PhysicalPath = "..\..\..\Desktop\歷屆上課講義\110網二\20211028_order\"
		Debug.AspNetCompiler.TargetPath = "PrecompiledWeb\localhost_16101\"
		Debug.AspNetCompiler.Updateable = "true"
		Debug.AspNetCompiler.ForceOverwrite = "true"
		Debug.AspNetCompiler.FixedNames = "false"
		Debug.AspNetCompiler.Debug = "True"
		Release.AspNetCompiler.VirtualPath = "/localhost_16101"
		Release.AspNetCompiler.PhysicalPath = "..\..\..\Desktop\歷屆上課講義\110網二\20211028_order\"
		Release.AspNetCompiler.TargetPath = "PrecompiledWeb\localhost_16101\"
		Release.AspNetCompiler.Updateable = "true"
		Release.AspNetCompiler.ForceOverwrite = "true"
		Release.AspNetCompiler.FixedNames = "false"
		Release.AspNetCompiler.Debug = "False"
		VWDPort = "16101"
	EndProjectSection
EndProject
Global
	GlobalSection(SolutionConfigurationPlatforms) = preSolution
		Debug|Any CPU = Debug|Any CPU
	EndGlobalSection
	GlobalSection(ProjectConfigurationPlatforms) = postSolution
		{1DFE2B89-E6B7-4B22-95FC-13CCAC6F9201}.Debug|Any CPU.ActiveCfg = Debug|Any CPU
		{1DFE2B89-E6B7-4B22-95FC-13CCAC6F9201}.Debug|Any CPU.Build.0 = Debug|Any CPU
	EndGlobalSection
	GlobalSection(SolutionProperties) = preSolution
		HideSolutionNode = FALSE
	EndGlobalSection
	GlobalSection(ExtensibilityGlobals) = postSolution
		SolutionGuid = {FC638D96-1E75-44C5-A485-A6E1A813159A}
	EndGlobalSection
EndGlobal
